// !$*UTF8*$!
{
	archiveVersion = 1;
	classes = {
	};
	objectVersion = 56;
	objects = {

/* Begin PBXBuildFile section */
		D2C997D3293E31F700582889 /* Day5.swift in Sources */ = {isa = PBXBuildFile; fileRef = D2C997D2293E31F700582889 /* Day5.swift */; };
		D2C997D7293E38F300582889 /* day5_input.txt in Resources */ = {isa = PBXBuildFile; fileRef = D2C997D6293E38F300582889 /* day5_input.txt */; };
		D2C997D9293E41DB00582889 /* StringExtensions.swift in Sources */ = {isa = PBXBuildFile; fileRef = D2C997D8293E41DB00582889 /* StringExtensions.swift */; };
		D2C997DB293E646400582889 /* Day.swift in Sources */ = {isa = PBXBuildFile; fileRef = D2C997DA293E646400582889 /* Day.swift */; };
		D2C997DD293F971A00582889 /* Day6.swift in Sources */ = {isa = PBXBuildFile; fileRef = D2C997DC293F971A00582889 /* Day6.swift */; };
		D2C997DF293F978C00582889 /* day6_input.txt in Resources */ = {isa = PBXBuildFile; fileRef = D2C997DE293F978C00582889 /* day6_input.txt */; };
		D2C997E12940C4C000582889 /* Day7.swift in Sources */ = {isa = PBXBuildFile; fileRef = D2C997E02940C4C000582889 /* Day7.swift */; };
		D2C997E32940C60200582889 /* day7_input.txt in Resources */ = {isa = PBXBuildFile; fileRef = D2C997E22940C60200582889 /* day7_input.txt */; };
		D2D0E34429390D2600CAF201 /* aoc22App.swift in Sources */ = {isa = PBXBuildFile; fileRef = D2D0E34329390D2600CAF201 /* aoc22App.swift */; };
		D2D0E34629390D2600CAF201 /* Main.swift in Sources */ = {isa = PBXBuildFile; fileRef = D2D0E34529390D2600CAF201 /* Main.swift */; };
		D2D0E34829390D2900CAF201 /* Assets.xcassets in Resources */ = {isa = PBXBuildFile; fileRef = D2D0E34729390D2900CAF201 /* Assets.xcassets */; };
		D2D0E34B29390D2900CAF201 /* Preview Assets.xcassets in Resources */ = {isa = PBXBuildFile; fileRef = D2D0E34A29390D2900CAF201 /* Preview Assets.xcassets */; };
		D2D0E35529390D2A00CAF201 /* aoc22Tests.swift in Sources */ = {isa = PBXBuildFile; fileRef = D2D0E35429390D2A00CAF201 /* aoc22Tests.swift */; };
		D2D0E35F29390D2A00CAF201 /* aoc22UITests.swift in Sources */ = {isa = PBXBuildFile; fileRef = D2D0E35E29390D2A00CAF201 /* aoc22UITests.swift */; };
		D2D0E36129390D2A00CAF201 /* aoc22UITestsLaunchTests.swift in Sources */ = {isa = PBXBuildFile; fileRef = D2D0E36029390D2A00CAF201 /* aoc22UITestsLaunchTests.swift */; };
		D2D0E36E293918F600CAF201 /* day1_input.txt in Resources */ = {isa = PBXBuildFile; fileRef = D2D0E36D293918F600CAF201 /* day1_input.txt */; };
		D2D0E3A829392B9B00CAF201 /* FileService.swift in Sources */ = {isa = PBXBuildFile; fileRef = D2D0E3A729392B9B00CAF201 /* FileService.swift */; };
		D2D0E3BA2939446300CAF201 /* ElfModel.swift in Sources */ = {isa = PBXBuildFile; fileRef = D2D0E3B92939446300CAF201 /* ElfModel.swift */; };
		D2D0E3BC293A56A300CAF201 /* day2_input.txt in Resources */ = {isa = PBXBuildFile; fileRef = D2D0E3BB293A56A300CAF201 /* day2_input.txt */; };
		D2D0E3BE293BD31E00CAF201 /* day3_input.txt in Resources */ = {isa = PBXBuildFile; fileRef = D2D0E3BD293BD31E00CAF201 /* day3_input.txt */; };
		D2D0E3C0293BD3F300CAF201 /* Day1.swift in Sources */ = {isa = PBXBuildFile; fileRef = D2D0E3BF293BD3F300CAF201 /* Day1.swift */; };
		D2D0E3C2293BD40900CAF201 /* Day2.swift in Sources */ = {isa = PBXBuildFile; fileRef = D2D0E3C1293BD40900CAF201 /* Day2.swift */; };
		D2D0E3C4293BD4B500CAF201 /* Day3.swift in Sources */ = {isa = PBXBuildFile; fileRef = D2D0E3C3293BD4B500CAF201 /* Day3.swift */; };
		D2D0E3C6293CE31B00CAF201 /* Day4.swift in Sources */ = {isa = PBXBuildFile; fileRef = D2D0E3C5293CE31B00CAF201 /* Day4.swift */; };
		D2D0E3C8293CE37A00CAF201 /* day4_input.txt in Resources */ = {isa = PBXBuildFile; fileRef = D2D0E3C7293CE37A00CAF201 /* day4_input.txt */; };
/* End PBXBuildFile section */

/* Begin PBXContainerItemProxy section */
		D2D0E35129390D2A00CAF201 /* PBXContainerItemProxy */ = {
			isa = PBXContainerItemProxy;
			containerPortal = D2D0E33829390D2600CAF201 /* Project object */;
			proxyType = 1;
			remoteGlobalIDString = D2D0E33F29390D2600CAF201;
			remoteInfo = aoc22;
		};
		D2D0E35B29390D2A00CAF201 /* PBXContainerItemProxy */ = {
			isa = PBXContainerItemProxy;
			containerPortal = D2D0E33829390D2600CAF201 /* Project object */;
			proxyType = 1;
			remoteGlobalIDString = D2D0E33F29390D2600CAF201;
			remoteInfo = aoc22;
		};
/* End PBXContainerItemProxy section */

/* Begin PBXFileReference section */
		D2C997D2293E31F700582889 /* Day5.swift */ = {isa = PBXFileReference; lastKnownFileType = sourcecode.swift; path = Day5.swift; sourceTree = "<group>"; };
		D2C997D6293E38F300582889 /* day5_input.txt */ = {isa = PBXFileReference; fileEncoding = 4; lastKnownFileType = text; path = day5_input.txt; sourceTree = "<group>"; };
		D2C997D8293E41DB00582889 /* StringExtensions.swift */ = {isa = PBXFileReference; lastKnownFileType = sourcecode.swift; path = StringExtensions.swift; sourceTree = "<group>"; };
		D2C997DA293E646400582889 /* Day.swift */ = {isa = PBXFileReference; lastKnownFileType = sourcecode.swift; path = Day.swift; sourceTree = "<group>"; };
		D2C997DC293F971A00582889 /* Day6.swift */ = {isa = PBXFileReference; lastKnownFileType = sourcecode.swift; path = Day6.swift; sourceTree = "<group>"; };
		D2C997DE293F978C00582889 /* day6_input.txt */ = {isa = PBXFileReference; fileEncoding = 4; lastKnownFileType = text; path = day6_input.txt; sourceTree = "<group>"; };
		D2C997E02940C4C000582889 /* Day7.swift */ = {isa = PBXFileReference; lastKnownFileType = sourcecode.swift; path = Day7.swift; sourceTree = "<group>"; };
		D2C997E22940C60200582889 /* day7_input.txt */ = {isa = PBXFileReference; fileEncoding = 4; lastKnownFileType = text; path = day7_input.txt; sourceTree = "<group>"; };
		D2D0E34029390D2600CAF201 /* aoc22.app */ = {isa = PBXFileReference; explicitFileType = wrapper.application; includeInIndex = 0; path = aoc22.app; sourceTree = BUILT_PRODUCTS_DIR; };
		D2D0E34329390D2600CAF201 /* aoc22App.swift */ = {isa = PBXFileReference; lastKnownFileType = sourcecode.swift; path = aoc22App.swift; sourceTree = "<group>"; };
		D2D0E34529390D2600CAF201 /* Main.swift */ = {isa = PBXFileReference; lastKnownFileType = sourcecode.swift; path = Main.swift; sourceTree = "<group>"; };
		D2D0E34729390D2900CAF201 /* Assets.xcassets */ = {isa = PBXFileReference; lastKnownFileType = folder.assetcatalog; path = Assets.xcassets; sourceTree = "<group>"; };
		D2D0E34A29390D2900CAF201 /* Preview Assets.xcassets */ = {isa = PBXFileReference; lastKnownFileType = folder.assetcatalog; path = "Preview Assets.xcassets"; sourceTree = "<group>"; };
		D2D0E35029390D2A00CAF201 /* aoc22Tests.xctest */ = {isa = PBXFileReference; explicitFileType = wrapper.cfbundle; includeInIndex = 0; path = aoc22Tests.xctest; sourceTree = BUILT_PRODUCTS_DIR; };
		D2D0E35429390D2A00CAF201 /* aoc22Tests.swift */ = {isa = PBXFileReference; lastKnownFileType = sourcecode.swift; path = aoc22Tests.swift; sourceTree = "<group>"; };
		D2D0E35A29390D2A00CAF201 /* aoc22UITests.xctest */ = {isa = PBXFileReference; explicitFileType = wrapper.cfbundle; includeInIndex = 0; path = aoc22UITests.xctest; sourceTree = BUILT_PRODUCTS_DIR; };
		D2D0E35E29390D2A00CAF201 /* aoc22UITests.swift */ = {isa = PBXFileReference; lastKnownFileType = sourcecode.swift; path = aoc22UITests.swift; sourceTree = "<group>"; };
		D2D0E36029390D2A00CAF201 /* aoc22UITestsLaunchTests.swift */ = {isa = PBXFileReference; lastKnownFileType = sourcecode.swift; path = aoc22UITestsLaunchTests.swift; sourceTree = "<group>"; };
		D2D0E36D293918F600CAF201 /* day1_input.txt */ = {isa = PBXFileReference; fileEncoding = 4; lastKnownFileType = text; path = day1_input.txt; sourceTree = "<group>"; };
		D2D0E3A729392B9B00CAF201 /* FileService.swift */ = {isa = PBXFileReference; lastKnownFileType = sourcecode.swift; path = FileService.swift; sourceTree = "<group>"; };
		D2D0E3B92939446300CAF201 /* ElfModel.swift */ = {isa = PBXFileReference; lastKnownFileType = sourcecode.swift; path = ElfModel.swift; sourceTree = "<group>"; };
		D2D0E3BB293A56A300CAF201 /* day2_input.txt */ = {isa = PBXFileReference; fileEncoding = 4; lastKnownFileType = text; path = day2_input.txt; sourceTree = "<group>"; };
		D2D0E3BD293BD31E00CAF201 /* day3_input.txt */ = {isa = PBXFileReference; fileEncoding = 4; lastKnownFileType = text; path = day3_input.txt; sourceTree = "<group>"; };
		D2D0E3BF293BD3F300CAF201 /* Day1.swift */ = {isa = PBXFileReference; lastKnownFileType = sourcecode.swift; path = Day1.swift; sourceTree = "<group>"; };
		D2D0E3C1293BD40900CAF201 /* Day2.swift */ = {isa = PBXFileReference; lastKnownFileType = sourcecode.swift; path = Day2.swift; sourceTree = "<group>"; };
		D2D0E3C3293BD4B500CAF201 /* Day3.swift */ = {isa = PBXFileReference; lastKnownFileType = sourcecode.swift; path = Day3.swift; sourceTree = "<group>"; };
		D2D0E3C5293CE31B00CAF201 /* Day4.swift */ = {isa = PBXFileReference; lastKnownFileType = sourcecode.swift; path = Day4.swift; sourceTree = "<group>"; };
		D2D0E3C7293CE37A00CAF201 /* day4_input.txt */ = {isa = PBXFileReference; fileEncoding = 4; lastKnownFileType = text; path = day4_input.txt; sourceTree = "<group>"; };
/* End PBXFileReference section */

/* Begin PBXFrameworksBuildPhase section */
		D2D0E33D29390D2600CAF201 /* Frameworks */ = {
			isa = PBXFrameworksBuildPhase;
			buildActionMask = 2147483647;
			files = (
			);
			runOnlyForDeploymentPostprocessing = 0;
		};
		D2D0E34D29390D2A00CAF201 /* Frameworks */ = {
			isa = PBXFrameworksBuildPhase;
			buildActionMask = 2147483647;
			files = (
			);
			runOnlyForDeploymentPostprocessing = 0;
		};
		D2D0E35729390D2A00CAF201 /* Frameworks */ = {
			isa = PBXFrameworksBuildPhase;
			buildActionMask = 2147483647;
			files = (
			);
			runOnlyForDeploymentPostprocessing = 0;
		};
/* End PBXFrameworksBuildPhase section */

/* Begin PBXGroup section */
		D2D0E33729390D2600CAF201 = {
			isa = PBXGroup;
			children = (
				D2C997E02940C4C000582889 /* Day7.swift */,
				D2D0E34229390D2600CAF201 /* aoc22 */,
				D2D0E35329390D2A00CAF201 /* aoc22Tests */,
				D2D0E35D29390D2A00CAF201 /* aoc22UITests */,
				D2D0E34129390D2600CAF201 /* Products */,
			);
			sourceTree = "<group>";
		};
		D2D0E34129390D2600CAF201 /* Products */ = {
			isa = PBXGroup;
			children = (
				D2D0E34029390D2600CAF201 /* aoc22.app */,
				D2D0E35029390D2A00CAF201 /* aoc22Tests.xctest */,
				D2D0E35A29390D2A00CAF201 /* aoc22UITests.xctest */,
			);
			name = Products;
			sourceTree = "<group>";
		};
		D2D0E34229390D2600CAF201 /* aoc22 */ = {
			isa = PBXGroup;
			children = (
				D2D0E36D293918F600CAF201 /* day1_input.txt */,
				D2D0E3BB293A56A300CAF201 /* day2_input.txt */,
				D2D0E3BD293BD31E00CAF201 /* day3_input.txt */,
				D2D0E3C7293CE37A00CAF201 /* day4_input.txt */,
				D2C997D6293E38F300582889 /* day5_input.txt */,
				D2C997DE293F978C00582889 /* day6_input.txt */,
				D2C997E22940C60200582889 /* day7_input.txt */,
				D2D0E34329390D2600CAF201 /* aoc22App.swift */,
				D2D0E34529390D2600CAF201 /* Main.swift */,
				D2D0E34729390D2900CAF201 /* Assets.xcassets */,
				D2D0E34929390D2900CAF201 /* Preview Content */,
				D2D0E3A729392B9B00CAF201 /* FileService.swift */,
				D2D0E3B92939446300CAF201 /* ElfModel.swift */,
				D2D0E3BF293BD3F300CAF201 /* Day1.swift */,
				D2D0E3C1293BD40900CAF201 /* Day2.swift */,
				D2D0E3C3293BD4B500CAF201 /* Day3.swift */,
				D2D0E3C5293CE31B00CAF201 /* Day4.swift */,
				D2C997D2293E31F700582889 /* Day5.swift */,
				D2C997D8293E41DB00582889 /* StringExtensions.swift */,
				D2C997DA293E646400582889 /* Day.swift */,
				D2C997DC293F971A00582889 /* Day6.swift */,
			);
			path = aoc22;
			sourceTree = "<group>";
		};
		D2D0E34929390D2900CAF201 /* Preview Content */ = {
			isa = PBXGroup;
			children = (
				D2D0E34A29390D2900CAF201 /* Preview Assets.xcassets */,
			);
			path = "Preview Content";
			sourceTree = "<group>";
		};
		D2D0E35329390D2A00CAF201 /* aoc22Tests */ = {
			isa = PBXGroup;
			children = (
				D2D0E35429390D2A00CAF201 /* aoc22Tests.swift */,
			);
			path = aoc22Tests;
			sourceTree = "<group>";
		};
		D2D0E35D29390D2A00CAF201 /* aoc22UITests */ = {
			isa = PBXGroup;
			children = (
				D2D0E35E29390D2A00CAF201 /* aoc22UITests.swift */,
				D2D0E36029390D2A00CAF201 /* aoc22UITestsLaunchTests.swift */,
			);
			path = aoc22UITests;
			sourceTree = "<group>";
		};
/* End PBXGroup section */

/* Begin PBXNativeTarget section */
		D2D0E33F29390D2600CAF201 /* aoc22 */ = {
			isa = PBXNativeTarget;
			buildConfigurationList = D2D0E36429390D2A00CAF201 /* Build configuration list for PBXNativeTarget "aoc22" */;
			buildPhases = (
				D2D0E33C29390D2600CAF201 /* Sources */,
				D2D0E33D29390D2600CAF201 /* Frameworks */,
				D2D0E33E29390D2600CAF201 /* Resources */,
			);
			buildRules = (
			);
			dependencies = (
			);
			name = aoc22;
			productName = aoc22;
			productReference = D2D0E34029390D2600CAF201 /* aoc22.app */;
			productType = "com.apple.product-type.application";
		};
		D2D0E34F29390D2A00CAF201 /* aoc22Tests */ = {
			isa = PBXNativeTarget;
			buildConfigurationList = D2D0E36729390D2A00CAF201 /* Build configuration list for PBXNativeTarget "aoc22Tests" */;
			buildPhases = (
				D2D0E34C29390D2A00CAF201 /* Sources */,
				D2D0E34D29390D2A00CAF201 /* Frameworks */,
				D2D0E34E29390D2A00CAF201 /* Resources */,
			);
			buildRules = (
			);
			dependencies = (
				D2D0E35229390D2A00CAF201 /* PBXTargetDependency */,
			);
			name = aoc22Tests;
			productName = aoc22Tests;
			productReference = D2D0E35029390D2A00CAF201 /* aoc22Tests.xctest */;
			productType = "com.apple.product-type.bundle.unit-test";
		};
		D2D0E35929390D2A00CAF201 /* aoc22UITests */ = {
			isa = PBXNativeTarget;
			buildConfigurationList = D2D0E36A29390D2A00CAF201 /* Build configuration list for PBXNativeTarget "aoc22UITests" */;
			buildPhases = (
				D2D0E35629390D2A00CAF201 /* Sources */,
				D2D0E35729390D2A00CAF201 /* Frameworks */,
				D2D0E35829390D2A00CAF201 /* Resources */,
			);
			buildRules = (
			);
			dependencies = (
				D2D0E35C29390D2A00CAF201 /* PBXTargetDependency */,
			);
			name = aoc22UITests;
			productName = aoc22UITests;
			productReference = D2D0E35A29390D2A00CAF201 /* aoc22UITests.xctest */;
			productType = "com.apple.product-type.bundle.ui-testing";
		};
/* End PBXNativeTarget section */

/* Begin PBXProject section */
		D2D0E33829390D2600CAF201 /* Project object */ = {
			isa = PBXProject;
			attributes = {
				BuildIndependentTargetsInParallel = 1;
				LastSwiftUpdateCheck = 1410;
				LastUpgradeCheck = 1410;
				TargetAttributes = {
					D2D0E33F29390D2600CAF201 = {
						CreatedOnToolsVersion = 14.1;
					};
					D2D0E34F29390D2A00CAF201 = {
						CreatedOnToolsVersion = 14.1;
						TestTargetID = D2D0E33F29390D2600CAF201;
					};
					D2D0E35929390D2A00CAF201 = {
						CreatedOnToolsVersion = 14.1;
						TestTargetID = D2D0E33F29390D2600CAF201;
					};
				};
			};
			buildConfigurationList = D2D0E33B29390D2600CAF201 /* Build configuration list for PBXProject "aoc22" */;
			compatibilityVersion = "Xcode 14.0";
			developmentRegion = en;
			hasScannedForEncodings = 0;
			knownRegions = (
				en,
				Base,
			);
			mainGroup = D2D0E33729390D2600CAF201;
			productRefGroup = D2D0E34129390D2600CAF201 /* Products */;
			projectDirPath = "";
			projectRoot = "";
			targets = (
				D2D0E33F29390D2600CAF201 /* aoc22 */,
				D2D0E34F29390D2A00CAF201 /* aoc22Tests */,
				D2D0E35929390D2A00CAF201 /* aoc22UITests */,
			);
		};
/* End PBXProject section */

/* Begin PBXResourcesBuildPhase section */
		D2D0E33E29390D2600CAF201 /* Resources */ = {
			isa = PBXResourcesBuildPhase;
			buildActionMask = 2147483647;
			files = (
				D2D0E34B29390D2900CAF201 /* Preview Assets.xcassets in Resources */,
				D2D0E3BE293BD31E00CAF201 /* day3_input.txt in Resources */,
				D2D0E34829390D2900CAF201 /* Assets.xcassets in Resources */,
				D2D0E3C8293CE37A00CAF201 /* day4_input.txt in Resources */,
				D2C997E32940C60200582889 /* day7_input.txt in Resources */,
				D2D0E36E293918F600CAF201 /* day1_input.txt in Resources */,
				D2C997D7293E38F300582889 /* day5_input.txt in Resources */,
				D2D0E3BC293A56A300CAF201 /* day2_input.txt in Resources */,
				D2C997DF293F978C00582889 /* day6_input.txt in Resources */,
			);
			runOnlyForDeploymentPostprocessing = 0;
		};
		D2D0E34E29390D2A00CAF201 /* Resources */ = {
			isa = PBXResourcesBuildPhase;
			buildActionMask = 2147483647;
			files = (
			);
			runOnlyForDeploymentPostprocessing = 0;
		};
		D2D0E35829390D2A00CAF201 /* Resources */ = {
			isa = PBXResourcesBuildPhase;
			buildActionMask = 2147483647;
			files = (
			);
			runOnlyForDeploymentPostprocessing = 0;
		};
/* End PBXResourcesBuildPhase section */

/* Begin PBXSourcesBuildPhase section */
		D2D0E33C29390D2600CAF201 /* Sources */ = {
			isa = PBXSourcesBuildPhase;
			buildActionMask = 2147483647;
			files = (
				D2D0E3C4293BD4B500CAF201 /* Day3.swift in Sources */,
				D2C997E12940C4C000582889 /* Day7.swift in Sources */,
				D2C997DD293F971A00582889 /* Day6.swift in Sources */,
				D2D0E34629390D2600CAF201 /* Main.swift in Sources */,
				D2D0E3C2293BD40900CAF201 /* Day2.swift in Sources */,
				D2D0E3C0293BD3F300CAF201 /* Day1.swift in Sources */,
				D2C997DB293E646400582889 /* Day.swift in Sources */,
				D2D0E3BA2939446300CAF201 /* ElfModel.swift in Sources */,
				D2C997D9293E41DB00582889 /* StringExtensions.swift in Sources */,
				D2D0E34429390D2600CAF201 /* aoc22App.swift in Sources */,
				D2D0E3A829392B9B00CAF201 /* FileService.swift in Sources */,
				D2C997D3293E31F700582889 /* Day5.swift in Sources */,
				D2D0E3C6293CE31B00CAF201 /* Day4.swift in Sources */,
			);
			runOnlyForDeploymentPostprocessing = 0;
		};
		D2D0E34C29390D2A00CAF201 /* Sources */ = {
			isa = PBXSourcesBuildPhase;
			buildActionMask = 2147483647;
			files = (
				D2D0E35529390D2A00CAF201 /* aoc22Tests.swift in Sources */,
			);
			runOnlyForDeploymentPostprocessing = 0;
		};
		D2D0E35629390D2A00CAF201 /* Sources */ = {
			isa = PBXSourcesBuildPhase;
			buildActionMask = 2147483647;
			files = (
				D2D0E36129390D2A00CAF201 /* aoc22UITestsLaunchTests.swift in Sources */,
				D2D0E35F29390D2A00CAF201 /* aoc22UITests.swift in Sources */,
			);
			runOnlyForDeploymentPostprocessing = 0;
		};
/* End PBXSourcesBuildPhase section */

/* Begin PBXTargetDependency section */
		D2D0E35229390D2A00CAF201 /* PBXTargetDependency */ = {
			isa = PBXTargetDependency;
			target = D2D0E33F29390D2600CAF201 /* aoc22 */;
			targetProxy = D2D0E35129390D2A00CAF201 /* PBXContainerItemProxy */;
		};
		D2D0E35C29390D2A00CAF201 /* PBXTargetDependency */ = {
			isa = PBXTargetDependency;
			target = D2D0E33F29390D2600CAF201 /* aoc22 */;
			targetProxy = D2D0E35B29390D2A00CAF201 /* PBXContainerItemProxy */;
		};
/* End PBXTargetDependency section */

/* Begin XCBuildConfiguration section */
		D2D0E36229390D2A00CAF201 /* Debug */ = {
			isa = XCBuildConfiguration;
			buildSettings = {
				ALWAYS_SEARCH_USER_PATHS = NO;
				CLANG_ANALYZER_NONNULL = YES;
				CLANG_ANALYZER_NUMBER_OBJECT_CONVERSION = YES_AGGRESSIVE;
				CLANG_CXX_LANGUAGE_STANDARD = "gnu++20";
				CLANG_ENABLE_MODULES = YES;
				CLANG_ENABLE_OBJC_ARC = YES;
				CLANG_ENABLE_OBJC_WEAK = YES;
				CLANG_WARN_BLOCK_CAPTURE_AUTORELEASING = YES;
				CLANG_WARN_BOOL_CONVERSION = YES;
				CLANG_WARN_COMMA = YES;
				CLANG_WARN_CONSTANT_CONVERSION = YES;
				CLANG_WARN_DEPRECATED_OBJC_IMPLEMENTATIONS = YES;
				CLANG_WARN_DIRECT_OBJC_ISA_USAGE = YES_ERROR;
				CLANG_WARN_DOCUMENTATION_COMMENTS = YES;
				CLANG_WARN_EMPTY_BODY = YES;
				CLANG_WARN_ENUM_CONVERSION = YES;
				CLANG_WARN_INFINITE_RECURSION = YES;
				CLANG_WARN_INT_CONVERSION = YES;
				CLANG_WARN_NON_LITERAL_NULL_CONVERSION = YES;
				CLANG_WARN_OBJC_IMPLICIT_RETAIN_SELF = YES;
				CLANG_WARN_OBJC_LITERAL_CONVERSION = YES;
				CLANG_WARN_OBJC_ROOT_CLASS = YES_ERROR;
				CLANG_WARN_QUOTED_INCLUDE_IN_FRAMEWORK_HEADER = YES;
				CLANG_WARN_RANGE_LOOP_ANALYSIS = YES;
				CLANG_WARN_STRICT_PROTOTYPES = YES;
				CLANG_WARN_SUSPICIOUS_MOVE = YES;
				CLANG_WARN_UNGUARDED_AVAILABILITY = YES_AGGRESSIVE;
				CLANG_WARN_UNREACHABLE_CODE = YES;
				CLANG_WARN__DUPLICATE_METHOD_MATCH = YES;
				COPY_PHASE_STRIP = NO;
				DEBUG_INFORMATION_FORMAT = dwarf;
				ENABLE_STRICT_OBJC_MSGSEND = YES;
				ENABLE_TESTABILITY = YES;
				GCC_C_LANGUAGE_STANDARD = gnu11;
				GCC_DYNAMIC_NO_PIC = NO;
				GCC_NO_COMMON_BLOCKS = YES;
				GCC_OPTIMIZATION_LEVEL = 0;
				GCC_PREPROCESSOR_DEFINITIONS = (
					"DEBUG=1",
					"$(inherited)",
				);
				GCC_WARN_64_TO_32_BIT_CONVERSION = YES;
				GCC_WARN_ABOUT_RETURN_TYPE = YES_ERROR;
				GCC_WARN_UNDECLARED_SELECTOR = YES;
				GCC_WARN_UNINITIALIZED_AUTOS = YES_AGGRESSIVE;
				GCC_WARN_UNUSED_FUNCTION = YES;
				GCC_WARN_UNUSED_VARIABLE = YES;
				IPHONEOS_DEPLOYMENT_TARGET = 16.1;
				MTL_ENABLE_DEBUG_INFO = INCLUDE_SOURCE;
				MTL_FAST_MATH = YES;
				ONLY_ACTIVE_ARCH = YES;
				SDKROOT = iphoneos;
				SWIFT_ACTIVE_COMPILATION_CONDITIONS = DEBUG;
				SWIFT_OPTIMIZATION_LEVEL = "-Onone";
			};
			name = Debug;
		};
		D2D0E36329390D2A00CAF201 /* Release */ = {
			isa = XCBuildConfiguration;
			buildSettings = {
				ALWAYS_SEARCH_USER_PATHS = NO;
				CLANG_ANALYZER_NONNULL = YES;
				CLANG_ANALYZER_NUMBER_OBJECT_CONVERSION = YES_AGGRESSIVE;
				CLANG_CXX_LANGUAGE_STANDARD = "gnu++20";
				CLANG_ENABLE_MODULES = YES;
				CLANG_ENABLE_OBJC_ARC = YES;
				CLANG_ENABLE_OBJC_WEAK = YES;
				CLANG_WARN_BLOCK_CAPTURE_AUTORELEASING = YES;
				CLANG_WARN_BOOL_CONVERSION = YES;
				CLANG_WARN_COMMA = YES;
				CLANG_WARN_CONSTANT_CONVERSION = YES;
				CLANG_WARN_DEPRECATED_OBJC_IMPLEMENTATIONS = YES;
				CLANG_WARN_DIRECT_OBJC_ISA_USAGE = YES_ERROR;
				CLANG_WARN_DOCUMENTATION_COMMENTS = YES;
				CLANG_WARN_EMPTY_BODY = YES;
				CLANG_WARN_ENUM_CONVERSION = YES;
				CLANG_WARN_INFINITE_RECURSION = YES;
				CLANG_WARN_INT_CONVERSION = YES;
				CLANG_WARN_NON_LITERAL_NULL_CONVERSION = YES;
				CLANG_WARN_OBJC_IMPLICIT_RETAIN_SELF = YES;
				CLANG_WARN_OBJC_LITERAL_CONVERSION = YES;
				CLANG_WARN_OBJC_ROOT_CLASS = YES_ERROR;
				CLANG_WARN_QUOTED_INCLUDE_IN_FRAMEWORK_HEADER = YES;
				CLANG_WARN_RANGE_LOOP_ANALYSIS = YES;
				CLANG_WARN_STRICT_PROTOTYPES = YES;
				CLANG_WARN_SUSPICIOUS_MOVE = YES;
				CLANG_WARN_UNGUARDED_AVAILABILITY = YES_AGGRESSIVE;
				CLANG_WARN_UNREACHABLE_CODE = YES;
				CLANG_WARN__DUPLICATE_METHOD_MATCH = YES;
				COPY_PHASE_STRIP = NO;
				DEBUG_INFORMATION_FORMAT = "dwarf-with-dsym";
				ENABLE_NS_ASSERTIONS = NO;
				ENABLE_STRICT_OBJC_MSGSEND = YES;
				GCC_C_LANGUAGE_STANDARD = gnu11;
				GCC_NO_COMMON_BLOCKS = YES;
				GCC_WARN_64_TO_32_BIT_CONVERSION = YES;
				GCC_WARN_ABOUT_RETURN_TYPE = YES_ERROR;
				GCC_WARN_UNDECLARED_SELECTOR = YES;
				GCC_WARN_UNINITIALIZED_AUTOS = YES_AGGRESSIVE;
				GCC_WARN_UNUSED_FUNCTION = YES;
				GCC_WARN_UNUSED_VARIABLE = YES;
				IPHONEOS_DEPLOYMENT_TARGET = 16.1;
				MTL_ENABLE_DEBUG_INFO = NO;
				MTL_FAST_MATH = YES;
				SDKROOT = iphoneos;
				SWIFT_COMPILATION_MODE = wholemodule;
				SWIFT_OPTIMIZATION_LEVEL = "-O";
				VALIDATE_PRODUCT = YES;
			};
			name = Release;
		};
		D2D0E36529390D2A00CAF201 /* Debug */ = {
			isa = XCBuildConfiguration;
			buildSettings = {
				ASSETCATALOG_COMPILER_APPICON_NAME = AppIcon;
				ASSETCATALOG_COMPILER_GLOBAL_ACCENT_COLOR_NAME = AccentColor;
				CODE_SIGN_STYLE = Automatic;
				CURRENT_PROJECT_VERSION = 1;
				DEVELOPMENT_ASSET_PATHS = "\"aoc22/Preview Content\"";
				DEVELOPMENT_TEAM = 5MG7KSFU5Y;
				ENABLE_PREVIEWS = YES;
				GENERATE_INFOPLIST_FILE = YES;
				INFOPLIST_KEY_UIApplicationSceneManifest_Generation = YES;
				INFOPLIST_KEY_UIApplicationSupportsIndirectInputEvents = YES;
				INFOPLIST_KEY_UILaunchScreen_Generation = YES;
				INFOPLIST_KEY_UISupportedInterfaceOrientations_iPad = "UIInterfaceOrientationPortrait UIInterfaceOrientationPortraitUpsideDown UIInterfaceOrientationLandscapeLeft UIInterfaceOrientationLandscapeRight";
				INFOPLIST_KEY_UISupportedInterfaceOrientations_iPhone = "UIInterfaceOrientationPortrait UIInterfaceOrientationLandscapeLeft UIInterfaceOrientationLandscapeRight";
				LD_RUNPATH_SEARCH_PATHS = (
					"$(inherited)",
					"@executable_path/Frameworks",
				);
				MARKETING_VERSION = 1.0;
				PRODUCT_BUNDLE_IDENTIFIER = com.codejsoftware.aoc22;
				PRODUCT_NAME = "$(TARGET_NAME)";
				SWIFT_EMIT_LOC_STRINGS = YES;
				SWIFT_VERSION = 5.0;
				TARGETED_DEVICE_FAMILY = "1,2";
			};
			name = Debug;
		};
		D2D0E36629390D2A00CAF201 /* Release */ = {
			isa = XCBuildConfiguration;
			buildSettings = {
				ASSETCATALOG_COMPILER_APPICON_NAME = AppIcon;
				ASSETCATALOG_COMPILER_GLOBAL_ACCENT_COLOR_NAME = AccentColor;
				CODE_SIGN_STYLE = Automatic;
				CURRENT_PROJECT_VERSION = 1;
				DEVELOPMENT_ASSET_PATHS = "\"aoc22/Preview Content\"";
				DEVELOPMENT_TEAM = 5MG7KSFU5Y;
				ENABLE_PREVIEWS = YES;
				GENERATE_INFOPLIST_FILE = YES;
				INFOPLIST_KEY_UIApplicationSceneManifest_Generation = YES;
				INFOPLIST_KEY_UIApplicationSupportsIndirectInputEvents = YES;
				INFOPLIST_KEY_UILaunchScreen_Generation = YES;
				INFOPLIST_KEY_UISupportedInterfaceOrientations_iPad = "UIInterfaceOrientationPortrait UIInterfaceOrientationPortraitUpsideDown UIInterfaceOrientationLandscapeLeft UIInterfaceOrientationLandscapeRight";
				INFOPLIST_KEY_UISupportedInterfaceOrientations_iPhone = "UIInterfaceOrientationPortrait UIInterfaceOrientationLandscapeLeft UIInterfaceOrientationLandscapeRight";
				LD_RUNPATH_SEARCH_PATHS = (
					"$(inherited)",
					"@executable_path/Frameworks",
				);
				MARKETING_VERSION = 1.0;
				PRODUCT_BUNDLE_IDENTIFIER = com.codejsoftware.aoc22;
				PRODUCT_NAME = "$(TARGET_NAME)";
				SWIFT_EMIT_LOC_STRINGS = YES;
				SWIFT_VERSION = 5.0;
				TARGETED_DEVICE_FAMILY = "1,2";
			};
			name = Release;
		};
		D2D0E36829390D2A00CAF201 /* Debug */ = {
			isa = XCBuildConfiguration;
			buildSettings = {
				ALWAYS_EMBED_SWIFT_STANDARD_LIBRARIES = YES;
				BUNDLE_LOADER = "$(TEST_HOST)";
				CODE_SIGN_STYLE = Automatic;
				CURRENT_PROJECT_VERSION = 1;
				DEVELOPMENT_TEAM = 5MG7KSFU5Y;
				GENERATE_INFOPLIST_FILE = YES;
				IPHONEOS_DEPLOYMENT_TARGET = 16.1;
				MARKETING_VERSION = 1.0;
				PRODUCT_BUNDLE_IDENTIFIER = com.codejsoftware.aoc22Tests;
				PRODUCT_NAME = "$(TARGET_NAME)";
				SWIFT_EMIT_LOC_STRINGS = NO;
				SWIFT_VERSION = 5.0;
				TARGETED_DEVICE_FAMILY = "1,2";
				TEST_HOST = "$(BUILT_PRODUCTS_DIR)/aoc22.app/$(BUNDLE_EXECUTABLE_FOLDER_PATH)/aoc22";
			};
			name = Debug;
		};
		D2D0E36929390D2A00CAF201 /* Release */ = {
			isa = XCBuildConfiguration;
			buildSettings = {
				ALWAYS_EMBED_SWIFT_STANDARD_LIBRARIES = YES;
				BUNDLE_LOADER = "$(TEST_HOST)";
				CODE_SIGN_STYLE = Automatic;
				CURRENT_PROJECT_VERSION = 1;
				DEVELOPMENT_TEAM = 5MG7KSFU5Y;
				GENERATE_INFOPLIST_FILE = YES;
				IPHONEOS_DEPLOYMENT_TARGET = 16.1;
				MARKETING_VERSION = 1.0;
				PRODUCT_BUNDLE_IDENTIFIER = com.codejsoftware.aoc22Tests;
				PRODUCT_NAME = "$(TARGET_NAME)";
				SWIFT_EMIT_LOC_STRINGS = NO;
				SWIFT_VERSION = 5.0;
				TARGETED_DEVICE_FAMILY = "1,2";
				TEST_HOST = "$(BUILT_PRODUCTS_DIR)/aoc22.app/$(BUNDLE_EXECUTABLE_FOLDER_PATH)/aoc22";
			};
			name = Release;
		};
		D2D0E36B29390D2A00CAF201 /* Debug */ = {
			isa = XCBuildConfiguration;
			buildSettings = {
				ALWAYS_EMBED_SWIFT_STANDARD_LIBRARIES = YES;
				CODE_SIGN_STYLE = Automatic;
				CURRENT_PROJECT_VERSION = 1;
				DEVELOPMENT_TEAM = 5MG7KSFU5Y;
				GENERATE_INFOPLIST_FILE = YES;
				MARKETING_VERSION = 1.0;
				PRODUCT_BUNDLE_IDENTIFIER = com.codejsoftware.aoc22UITests;
				PRODUCT_NAME = "$(TARGET_NAME)";
				SWIFT_EMIT_LOC_STRINGS = NO;
				SWIFT_VERSION = 5.0;
				TARGETED_DEVICE_FAMILY = "1,2";
				TEST_TARGET_NAME = aoc22;
			};
			name = Debug;
		};
		D2D0E36C29390D2A00CAF201 /* Release */ = {
			isa = XCBuildConfiguration;
			buildSettings = {
				ALWAYS_EMBED_SWIFT_STANDARD_LIBRARIES = YES;
				CODE_SIGN_STYLE = Automatic;
				CURRENT_PROJECT_VERSION = 1;
				DEVELOPMENT_TEAM = 5MG7KSFU5Y;
				GENERATE_INFOPLIST_FILE = YES;
				MARKETING_VERSION = 1.0;
				PRODUCT_BUNDLE_IDENTIFIER = com.codejsoftware.aoc22UITests;
				PRODUCT_NAME = "$(TARGET_NAME)";
				SWIFT_EMIT_LOC_STRINGS = NO;
				SWIFT_VERSION = 5.0;
				TARGETED_DEVICE_FAMILY = "1,2";
				TEST_TARGET_NAME = aoc22;
			};
			name = Release;
		};
/* End XCBuildConfiguration section */

/* Begin XCConfigurationList section */
		D2D0E33B29390D2600CAF201 /* Build configuration list for PBXProject "aoc22" */ = {
			isa = XCConfigurationList;
			buildConfigurations = (
				D2D0E36229390D2A00CAF201 /* Debug */,
				D2D0E36329390D2A00CAF201 /* Release */,
			);
			defaultConfigurationIsVisible = 0;
			defaultConfigurationName = Release;
		};
		D2D0E36429390D2A00CAF201 /* Build configuration list for PBXNativeTarget "aoc22" */ = {
			isa = XCConfigurationList;
			buildConfigurations = (
				D2D0E36529390D2A00CAF201 /* Debug */,
				D2D0E36629390D2A00CAF201 /* Release */,
			);
			defaultConfigurationIsVisible = 0;
			defaultConfigurationName = Release;
		};
		D2D0E36729390D2A00CAF201 /* Build configuration list for PBXNativeTarget "aoc22Tests" */ = {
			isa = XCConfigurationList;
			buildConfigurations = (
				D2D0E36829390D2A00CAF201 /* Debug */,
				D2D0E36929390D2A00CAF201 /* Release */,
			);
			defaultConfigurationIsVisible = 0;
			defaultConfigurationName = Release;
		};
		D2D0E36A29390D2A00CAF201 /* Build configuration list for PBXNativeTarget "aoc22UITests" */ = {
			isa = XCConfigurationList;
			buildConfigurations = (
				D2D0E36B29390D2A00CAF201 /* Debug */,
				D2D0E36C29390D2A00CAF201 /* Release */,
			);
			defaultConfigurationIsVisible = 0;
			defaultConfigurationName = Release;
		};
/* End XCConfigurationList section */
	};
	rootObject = D2D0E33829390D2600CAF201 /* Project object */;
}
